
Microsoft Visual Studio Solution File, Format Version 12.00
# Visual Studio Version 17
VisualStudioVersion = 17.0.32014.148
MinimumVisualStudioVersion = 10.0.40219.1
Project("{FAE04EC0-301F-11D3-BF4B-00C04F79EFBC}") = "ContosoUniversity", "ContosoUniversity\ContosoUniversity.csproj", "{AD2ADD10-5DF0-4DA9-ACEA-72E5F3C6D92C}"
EndProject
Global
	GlobalSection(SolutionConfigurationPlatforms) = preSolution
		Debug|Any CPU = Debug|Any CPU
		Release|Any CPU = Release|Any CPU
	EndGlobalSection
	GlobalSection(ProjectConfigurationPlatforms) = postSolution
		{AD2ADD10-5DF0-4DA9-ACEA-72E5F3C6D92C}.Debug|Any CPU.ActiveCfg = Debug|Any CPU
		{AD2ADD10-5DF0-4DA9-ACEA-72E5F3C6D92C}.Debug|Any CPU.Build.0 = Debug|Any CPU
		{AD2ADD10-5DF0-4DA9-ACEA-72E5F3C6D92C}.Release|Any CPU.ActiveCfg = Release|Any CPU
		{AD2ADD10-5DF0-4DA9-ACEA-72E5F3C6D92C}.Release|Any CPU.Build.0 = Release|Any CPU
	EndGlobalSection
	GlobalSection(SolutionProperties) = preSolution
		HideSolutionNode = FALSE
	EndGlobalSection
	GlobalSection(ExtensibilityGlobals) = postSolution
		SolutionGuid = {FA15E691-9B9F-45B8-BCC6-42D099FD9756}
	EndGlobalSection
EndGlobal
